
Microsoft Visual Studio Solution File, Format Version 12.00
# Visual Studio Version 16
VisualStudioVersion = 16.0.29926.136
MinimumVisualStudioVersion = 10.0.40219.1
Project("{9A19103F-16F7-4668-BE54-9A1E7A4F7556}") = "WebApiProvincias", "WebApiProvincias.csproj", "{58F0126C-EA21-42E5-99C5-9A2FDD6038A4}"
EndProject
Project("{FAE04EC0-301F-11D3-BF4B-00C04F79EFBC}") = "WebApiProvinciasTest", "..\WebApiProvinciasTest\WebApiProvinciasTest.csproj", "{BAEB1A29-8CB2-4296-B770-FD2B969E0E3B}"
EndProject
Global
	GlobalSection(SolutionConfigurationPlatforms) = preSolution
		Debug|Any CPU = Debug|Any CPU
		Release|Any CPU = Release|Any CPU
	EndGlobalSection
	GlobalSection(ProjectConfigurationPlatforms) = postSolution
		{58F0126C-EA21-42E5-99C5-9A2FDD6038A4}.Debug|Any CPU.ActiveCfg = Debug|Any CPU
		{58F0126C-EA21-42E5-99C5-9A2FDD6038A4}.Debug|Any CPU.Build.0 = Debug|Any CPU
		{58F0126C-EA21-42E5-99C5-9A2FDD6038A4}.Release|Any CPU.ActiveCfg = Release|Any CPU
		{58F0126C-EA21-42E5-99C5-9A2FDD6038A4}.Release|Any CPU.Build.0 = Release|Any CPU
		{BAEB1A29-8CB2-4296-B770-FD2B969E0E3B}.Debug|Any CPU.ActiveCfg = Debug|Any CPU
		{BAEB1A29-8CB2-4296-B770-FD2B969E0E3B}.Debug|Any CPU.Build.0 = Debug|Any CPU
		{BAEB1A29-8CB2-4296-B770-FD2B969E0E3B}.Release|Any CPU.ActiveCfg = Release|Any CPU
		{BAEB1A29-8CB2-4296-B770-FD2B969E0E3B}.Release|Any CPU.Build.0 = Release|Any CPU
	EndGlobalSection
	GlobalSection(SolutionProperties) = preSolution
		HideSolutionNode = FALSE
	EndGlobalSection
	GlobalSection(ExtensibilityGlobals) = postSolution
		SolutionGuid = {2A91849F-A693-4D15-85E0-7B26D45B2294}
	EndGlobalSection
EndGlobal
